// !$*UTF8*$!
{
	archiveVersion = 1;
	classes = {
	};
	objectVersion = 46;
	objects = {

/* Begin PBXBuildFile section */
		2FA28A4896E1BB44A08EB802 /* RNActionSheetModule.m in Sources */ = {isa = PBXBuildFile; fileRef = 2FA283663D9BDD6892BBAE4B /* RNActionSheetModule.m */; };
		2FA28FD239C5F21423E3780F /* RNActionSheetModule.h in CopyFiles */ = {isa = PBXBuildFile; fileRef = 2FA28ABB4BC78977A6C24DF7 /* RNActionSheetModule.h */; };
/* End PBXBuildFile section */

/* Begin PBXCopyFilesBuildPhase section */
		2FA2866ACEF6B364680160EE /* CopyFiles */ = {
			isa = PBXCopyFilesBuildPhase;
			buildActionMask = 2147483647;
			dstPath = "include/$(PRODUCT_NAME)";
			dstSubfolderSpec = 16;
			files = (
				2FA28FD239C5F21423E3780F /* RNActionSheetModule.h in CopyFiles */,
			);
			runOnlyForDeploymentPostprocessing = 0;
		};
/* End PBXCopyFilesBuildPhase section */

/* Begin PBXFileReference section */
		2FA283663D9BDD6892BBAE4B /* RNActionSheetModule.m */ = {isa = PBXFileReference; lastKnownFileType = sourcecode.c.objc; path = RNActionSheetModule.m; sourceTree = "<group>"; };
		2FA285B0F8258B8FAA56F93B /* libRNActionSheetModule.a */ = {isa = PBXFileReference; explicitFileType = archive.ar; includeInIndex = 0; path = libRNActionSheetModule.a; sourceTree = BUILT_PRODUCTS_DIR; };
		2FA28ABB4BC78977A6C24DF7 /* RNActionSheetModule.h */ = {isa = PBXFileReference; lastKnownFileType = sourcecode.c.h; path = RNActionSheetModule.h; sourceTree = "<group>"; };
/* End PBXFileReference section */

/* Begin PBXFrameworksBuildPhase section */
		2FA28232EF0DB8209D7650A9 /* Frameworks */ = {
			isa = PBXFrameworksBuildPhase;
			buildActionMask = 2147483647;
			files = (
			);
			runOnlyForDeploymentPostprocessing = 0;
		};
/* End PBXFrameworksBuildPhase section */

/* Begin PBXGroup section */
		2FA2822496ECA6C9594FFC99 /* RNActionSheetModule */ = {
			isa = PBXGroup;
			children = (
				2FA28ABB4BC78977A6C24DF7 /* RNActionSheetModule.h */,
				2FA283663D9BDD6892BBAE4B /* RNActionSheetModule.m */,
			);
			path = RNActionSheetModule;
			sourceTree = "<group>";
		};
		2FA28380F008B9D5F713EDC2 /* Products */ = {
			isa = PBXGroup;
			children = (
				2FA285B0F8258B8FAA56F93B /* libRNActionSheetModule.a */,
			);
			name = Products;
			sourceTree = "<group>";
		};
		2FA28A6BEBAAB0D64AED9B30 = {
			isa = PBXGroup;
			children = (
				2FA28380F008B9D5F713EDC2 /* Products */,
				2FA2822496ECA6C9594FFC99 /* RNActionSheetModule */,
			);
			sourceTree = "<group>";
		};
/* End PBXGroup section */

/* Begin PBXNativeTarget section */
		2FA287F345AED42400AAB94D /* RNActionSheetModule */ = {
			isa = PBXNativeTarget;
			buildConfigurationList = 2FA28A391A6B8C4607294AD6 /* Build configuration list for PBXNativeTarget "RNActionSheetModule" */;
			buildPhases = (
				2FA28503A1E9A7E00941BDC1 /* Sources */,
				2FA28232EF0DB8209D7650A9 /* Frameworks */,
				2FA2866ACEF6B364680160EE /* CopyFiles */,
			);
			buildRules = (
			);
			dependencies = (
			);
			name = RNActionSheetModule;
			productName = RNActionSheetModule;
			productReference = 2FA285B0F8258B8FAA56F93B /* libRNActionSheetModule.a */;
			productType = "com.apple.product-type.library.static";
		};
/* End PBXNativeTarget section */

/* Begin PBXProject section */
		2FA283912828D380681568D1 /* Project object */ = {
			isa = PBXProject;
			attributes = {
				ORGANIZATIONNAME = MediaMonks;
			};
			buildConfigurationList = 2FA284D34A3FB5B2C11DF603 /* Build configuration list for PBXProject "RNActionSheetModule" */;
			compatibilityVersion = "Xcode 3.2";
			developmentRegion = English;
			hasScannedForEncodings = 0;
			knownRegions = (
				en,
			);
			mainGroup = 2FA28A6BEBAAB0D64AED9B30;
			productRefGroup = 2FA28380F008B9D5F713EDC2 /* Products */;
			projectDirPath = "";
			projectRoot = "";
			targets = (
				2FA287F345AED42400AAB94D /* RNActionSheetModule */,
			);
		};
/* End PBXProject section */

/* Begin PBXSourcesBuildPhase section */
		2FA28503A1E9A7E00941BDC1 /* Sources */ = {
			isa = PBXSourcesBuildPhase;
			buildActionMask = 2147483647;
			files = (
				2FA28A4896E1BB44A08EB802 /* RNActionSheetModule.m in Sources */,
			);
			runOnlyForDeploymentPostprocessing = 0;
		};
/* End PBXSourcesBuildPhase section */

/* Begin XCBuildConfiguration section */
		2FA2829E6043EEC136E66A6B /* Release */ = {
			isa = XCBuildConfiguration;
			buildSettings = {
				OTHER_LDFLAGS = "-ObjC";
				PRODUCT_NAME = "$(TARGET_NAME)";
				SKIP_INSTALL = YES;
			};
			name = Release;
		};
		2FA286841F4482C79E97D07B /* Debug */ = {
			isa = XCBuildConfiguration;
			buildSettings = {
				OTHER_LDFLAGS = "-ObjC";
				PRODUCT_NAME = "$(TARGET_NAME)";
				SKIP_INSTALL = YES;
			};
			name = Debug;
		};
		2FA289F5E2344E9580594C5B /* Debug */ = {
			isa = XCBuildConfiguration;
			buildSettings = {
				ALWAYS_SEARCH_USER_PATHS = NO;
				CLANG_ANALYZER_NONNULL = YES;
				CLANG_ANALYZER_NUMBER_OBJECT_CONVERSION = YES_AGGRESSIVE;
				CLANG_CXX_LANGUAGE_STANDARD = "gnu++0x";
				CLANG_CXX_LIBRARY = "libc++";
				CLANG_ENABLE_MODULES = YES;
				CLANG_ENABLE_OBJC_ARC = YES;
				CLANG_WARN_BOOL_CONVERSION = YES;
				CLANG_WARN_CONSTANT_CONVERSION = YES;
				CLANG_WARN_DIRECT_OBJC_ISA_USAGE = YES_ERROR;
				CLANG_WARN_DOCUMENTATION_COMMENTS = YES;
				CLANG_WARN_EMPTY_BODY = YES;
				CLANG_WARN_ENUM_CONVERSION = YES;
				CLANG_WARN_INFINITE_RECURSION = YES;
				CLANG_WARN_INT_CONVERSION = YES;
				CLANG_WARN_OBJC_ROOT_CLASS = YES_ERROR;
				CLANG_WARN_SUSPICIOUS_MOVE = YES;
				CLANG_WARN_UNREACHABLE_CODE = YES;
				CLANG_WARN__DUPLICATE_METHOD_MATCH = YES;
				"CODE_SIGN_IDENTITY[sdk=iphoneos*]" = "iPhone Developer";
				COPY_PHASE_STRIP = NO;
				DEBUG_INFORMATION_FORMAT = dwarf;
				ENABLE_STRICT_OBJC_MSGSEND = YES;
				ENABLE_TESTABILITY = YES;
				GCC_C_LANGUAGE_STANDARD = gnu99;
				GCC_DYNAMIC_NO_PIC = NO;
				GCC_NO_COMMON_BLOCKS = YES;
				GCC_OPTIMIZATION_LEVEL = 0;
				GCC_PREPROCESSOR_DEFINITIONS = (
					"DEBUG=1",
					"$(inherited)",
				);
				GCC_WARN_64_TO_32_BIT_CONVERSION = YES;
				GCC_WARN_ABOUT_RETURN_TYPE = YES_ERROR;
				GCC_WARN_UNDECLARED_SELECTOR = YES;
				GCC_WARN_UNINITIALIZED_AUTOS = YES_AGGRESSIVE;
				GCC_WARN_UNUSED_FUNCTION = YES;
				GCC_WARN_UNUSED_VARIABLE = YES;
				HEADER_SEARCH_PATHS = "$(SRCROOT)/../../../ios/Pods/Headers";
				IPHONEOS_DEPLOYMENT_TARGET = 10.3;
				MTL_ENABLE_DEBUG_INFO = YES;
				ONLY_ACTIVE_ARCH = YES;
				SDKROOT = iphoneos;
			};
			name = Debug;
		};
		2FA28D3CD04BA348F7541F01 /* Release */ = {
			isa = XCBuildConfiguration;
			buildSettings = {
				ALWAYS_SEARCH_USER_PATHS = NO;
				CLANG_ANALYZER_NONNULL = YES;
				CLANG_ANALYZER_NUMBER_OBJECT_CONVERSION = YES_AGGRESSIVE;
				CLANG_CXX_LANGUAGE_STANDARD = "gnu++0x";
				CLANG_CXX_LIBRARY = "libc++";
				CLANG_ENABLE_MODULES = YES;
				CLANG_ENABLE_OBJC_ARC = YES;
				CLANG_WARN_BOOL_CONVERSION = YES;
				CLANG_WARN_CONSTANT_CONVERSION = YES;
				CLANG_WARN_DIRECT_OBJC_ISA_USAGE = YES_ERROR;
				CLANG_WARN_DOCUMENTATION_COMMENTS = YES;
				CLANG_WARN_EMPTY_BODY = YES;
				CLANG_WARN_ENUM_CONVERSION = YES;
				CLANG_WARN_INFINITE_RECURSION = YES;
				CLANG_WARN_INT_CONVERSION = YES;
				CLANG_WARN_OBJC_ROOT_CLASS = YES_ERROR;
				CLANG_WARN_SUSPICIOUS_MOVE = YES;
				CLANG_WARN_UNREACHABLE_CODE = YES;
				CLANG_WARN__DUPLICATE_METHOD_MATCH = YES;
				"CODE_SIGN_IDENTITY[sdk=iphoneos*]" = "iPhone Developer";
				COPY_PHASE_STRIP = NO;
				DEBUG_INFORMATION_FORMAT = "dwarf-with-dsym";
				ENABLE_NS_ASSERTIONS = NO;
				ENABLE_STRICT_OBJC_MSGSEND = YES;
				GCC_C_LANGUAGE_STANDARD = gnu99;
				GCC_NO_COMMON_BLOCKS = YES;
				GCC_WARN_64_TO_32_BIT_CONVERSION = YES;
				GCC_WARN_ABOUT_RETURN_TYPE = YES_ERROR;
				GCC_WARN_UNDECLARED_SELECTOR = YES;
				GCC_WARN_UNINITIALIZED_AUTOS = YES_AGGRESSIVE;
				GCC_WARN_UNUSED_FUNCTION = YES;
				GCC_WARN_UNUSED_VARIABLE = YES;
				HEADER_SEARCH_PATHS = "$(SRCROOT)/../../../ios/Pods/Headers";
				IPHONEOS_DEPLOYMENT_TARGET = 10.3;
				MTL_ENABLE_DEBUG_INFO = NO;
				SDKROOT = iphoneos;
				VALIDATE_PRODUCT = YES;
			};
			name = Release;
		};
/* End XCBuildConfiguration section */

/* Begin XCConfigurationList section */
		2FA284D34A3FB5B2C11DF603 /* Build configuration list for PBXProject "RNActionSheetModule" */ = {
			isa = XCConfigurationList;
			buildConfigurations = (
				2FA289F5E2344E9580594C5B /* Debug */,
				2FA28D3CD04BA348F7541F01 /* Release */,
			);
			defaultConfigurationIsVisible = 0;
			defaultConfigurationName = Release;
		};
		2FA28A391A6B8C4607294AD6 /* Build configuration list for PBXNativeTarget "RNActionSheetModule" */ = {
			isa = XCConfigurationList;
			buildConfigurations = (
				2FA286841F4482C79E97D07B /* Debug */,
				2FA2829E6043EEC136E66A6B /* Release */,
			);
			defaultConfigurationIsVisible = 0;
			defaultConfigurationName = Release;
		};
/* End XCConfigurationList section */
	};
	rootObject = 2FA283912828D380681568D1 /* Project object */;
}
